
Microsoft Visual Studio Solution File, Format Version 12.00
# Visual Studio 15
VisualStudioVersion = 15.0.28307.421
MinimumVisualStudioVersion = 10.0.40219.1
Project("{FAE04EC0-301F-11D3-BF4B-00C04F79EFBC}") = "SomewhatClicker", "SomewhatClicker\SomewhatClicker.csproj", "{A449BA61-BD3A-4462-B515-4D1BC56E475A}"
EndProject
Global
	GlobalSection(SolutionConfigurationPlatforms) = preSolution
		Debug|Any CPU = Debug|Any CPU
		Release|Any CPU = Release|Any CPU
	EndGlobalSection
	GlobalSection(ProjectConfigurationPlatforms) = postSolution
		{A449BA61-BD3A-4462-B515-4D1BC56E475A}.Debug|Any CPU.ActiveCfg = Debug|Any CPU
		{A449BA61-BD3A-4462-B515-4D1BC56E475A}.Debug|Any CPU.Build.0 = Debug|Any CPU
		{A449BA61-BD3A-4462-B515-4D1BC56E475A}.Release|Any CPU.ActiveCfg = Release|Any CPU
		{A449BA61-BD3A-4462-B515-4D1BC56E475A}.Release|Any CPU.Build.0 = Release|Any CPU
	EndGlobalSection
	GlobalSection(SolutionProperties) = preSolution
		HideSolutionNode = FALSE
	EndGlobalSection
	GlobalSection(ExtensibilityGlobals) = postSolution
		SolutionGuid = {30FEAFCA-47E7-4AAC-8428-E859ACE03C91}
	EndGlobalSection
EndGlobal
